<?xml version="1.0" encoding="utf-8"?>
<Project ToolsVersion="4.0" xmlns="http://schemas.microsoft.com/developer/msbuild/2003">
  <ItemGroup>
    <Filter Include="소스 파일">
      <UniqueIdentifier>{4FC737F1-C7A5-4376-A066-2A32D752A2FF}</UniqueIdentifier>
      <Extensions>cpp;c;cc;cxx;def;odl;idl;hpj;bat;asm;asmx</Extensions>
    </Filter>
    <Filter Include="헤더 파일">
      <UniqueIdentifier>{93995380-89BD-4b04-88EB-625FBE52EBFB}</UniqueIdentifier>
      <Extensions>h;hh;hpp;hxx;hm;inl;inc;ipp;xsd</Extensions>
    </Filter>
    <Filter Include="리소스 파일">
      <UniqueIdentifier>{67DA6AB6-F800-4c08-8B7A-83BB121AAD01}</UniqueIdentifier>
      <Extensions>rc;ico;cur;bmp;dlg;rc2;rct;bin;rgs;gif;jpg;jpeg;jpe;resx;tiff;tif;png;wav;mfcribbon-ms</Extensions>
    </Filter>
  </ItemGroup>
  <ItemGroup>
    <ClCompile Include="BackJoon\0816.cpp">
      <Filter>소스 파일</Filter>
    </ClCompile>
    <ClCompile Include="BackJoon\0817.cpp">
      <Filter>소스 파일</Filter>
    </ClCompile>
    <ClCompile Include="BackJoon\1157_음계.cpp">
      <Filter>소스 파일</Filter>
    </ClCompile>
    <ClCompile Include="BackJoon\1158.cpp">
      <Filter>소스 파일</Filter>
    </ClCompile>
    <ClCompile Include="BackJoon\1316_그룹단어.cpp">
      <Filter>소스 파일</Filter>
    </ClCompile>
    <ClCompile Include="BackJoon\1427.cpp">
      <Filter>소스 파일</Filter>
    </ClCompile>
    <ClCompile Include="BackJoon\1475.cpp">
      <Filter>소스 파일</Filter>
    </ClCompile>
    <ClCompile Include="BackJoon\1978.cpp">
      <Filter>소스 파일</Filter>
    </ClCompile>
    <ClCompile Include="BackJoon\2581.cpp">
      <Filter>소스 파일</Filter>
    </ClCompile>
    <ClCompile Include="BackJoon\2675_문자열반복.cpp">
      <Filter>소스 파일</Filter>
    </ClCompile>
    <ClCompile Include="BackJoon\2908.cpp">
      <Filter>소스 파일</Filter>
    </ClCompile>
    <ClCompile Include="BackJoon\2920_음계.cpp">
      <Filter>소스 파일</Filter>
    </ClCompile>
    <ClCompile Include="BackJoon\2941.cpp">
      <Filter>소스 파일</Filter>
    </ClCompile>
    <ClCompile Include="BackJoon\5622.cpp">
      <Filter>소스 파일</Filter>
    </ClCompile>
    <ClCompile Include="BackJoon\9012.cpp">
      <Filter>소스 파일</Filter>
    </ClCompile>
    <ClCompile Include="BackJoon\10799.cpp">
      <Filter>소스 파일</Filter>
    </ClCompile>
    <ClCompile Include="BackJoon\10824.cpp">
      <Filter>소스 파일</Filter>
    </ClCompile>
    <ClCompile Include="BackJoon\10828.cpp">
      <Filter>소스 파일</Filter>
    </ClCompile>
    <ClCompile Include="BackJoon\11655.cpp">
      <Filter>소스 파일</Filter>
    </ClCompile>
    <ClCompile Include="BackJoon\11656.cpp">
      <Filter>소스 파일</Filter>
    </ClCompile>
    <ClCompile Include="BackJoon\num1011_flymotothe.cpp">
      <Filter>소스 파일</Filter>
    </ClCompile>
    <ClCompile Include="BackJoon\num1193_fraction.cpp">
      <Filter>소스 파일</Filter>
    </ClCompile>
    <ClCompile Include="BackJoon\num2448_star_11.cpp">
      <Filter>소스 파일</Filter>
    </ClCompile>
    <ClCompile Include="BackJoon\num8958_oxQ.cpp">
      <Filter>소스 파일</Filter>
    </ClCompile>
    <ClCompile Include="BackJoon\num10250_AcmHotel.cpp">
      <Filter>소스 파일</Filter>
    </ClCompile>
    <ClCompile Include="HackerRank\30DaysofCode_Day13_AbstractClasses.cpp">
      <Filter>소스 파일</Filter>
    </ClCompile>
    <ClCompile Include="HackerRank\30DaysofCode_Day14_Scope.cpp">
      <Filter>소스 파일</Filter>
    </ClCompile>
    <ClCompile Include="HackerRank\30DaysofCode_Day15_LinkedList.cpp">
      <Filter>소스 파일</Filter>
    </ClCompile>
    <ClCompile Include="HackerRank\30dDaysofCode_Day16_Exceptions.cpp">
      <Filter>소스 파일</Filter>
    </ClCompile>
    <ClCompile Include="HackerRank\Algorithms_Implementation_AppleandOrange.cpp">
      <Filter>소스 파일</Filter>
    </ClCompile>
    <ClCompile Include="HackerRank\Algorithms_Implementation_GradingStudents.cpp">
      <Filter>소스 파일</Filter>
    </ClCompile>
    <ClCompile Include="HackerRank\CrackingTheCodingInterview_HashTables_RansomNote.cpp">
      <Filter>소스 파일</Filter>
    </ClCompile>
    <ClCompile Include="HackerRank\CrackingTheCodingInterview_LinkedLists_DetectACycle.cpp">
      <Filter>소스 파일</Filter>
    </ClCompile>
    <ClCompile Include="HackerRank\CrackingtheCodingInterview_QueuesATaleofTwoStacks.cpp">
      <Filter>소스 파일</Filter>
    </ClCompile>
    <ClCompile Include="HackerRank\CrackingTheCodingInterview_Stacks_BalancedBrackets.cpp">
      <Filter>소스 파일</Filter>
    </ClCompile>
    <ClCompile Include="HackerRank\CrackingTheCodingInterview_StringsMakingAnagrams.cpp">
      <Filter>소스 파일</Filter>
    </ClCompile>
    <ClCompile Include="HackerRank\Data_Struct_ArrayManipulation.cpp">
      <Filter>소스 파일</Filter>
    </ClCompile>
    <ClCompile Include="HackerRank\Data_struct_LeftRotation.cpp">
      <Filter>소스 파일</Filter>
    </ClCompile>
    <ClCompile Include="HackerRank\Data_struct_Sparse Arrays.cpp">
      <Filter>소스 파일</Filter>
    </ClCompile>
    <ClCompile Include="HackerRank\Mathematics_Minimum_Height_Triangle.cpp">
      <Filter>소스 파일</Filter>
    </ClCompile>
    <ClCompile Include="HackerRank\PracticeC++_Other ConceptsC++_ClassTemplates.cpp">
      <Filter>소스 파일</Filter>
    </ClCompile>
    <ClCompile Include="HackerRank\PracticeC++_Other ConceptsC++_ClassTemplateSpecialization.cpp">
      <Filter>소스 파일</Filter>
    </ClCompile>
    <ClCompile Include="BackJoon\Dynamic\1463.cpp">
      <Filter>소스 파일</Filter>
    </ClCompile>
    <ClCompile Include="BackJoon\Dynamic\2193.cpp">
      <Filter>소스 파일</Filter>
    </ClCompile>
    <ClCompile Include="BackJoon\Dynamic\9095.cpp">
      <Filter>소스 파일</Filter>
    </ClCompile>
    <ClCompile Include="BackJoon\Dynamic\9465.cpp">
      <Filter>소스 파일</Filter>
    </ClCompile>
    <ClCompile Include="BackJoon\Dynamic\10844.cpp">
      <Filter>소스 파일</Filter>
    </ClCompile>
    <ClCompile Include="BackJoon\Dynamic\11052.cpp">
      <Filter>소스 파일</Filter>
    </ClCompile>
    <ClCompile Include="BackJoon\Dynamic\11057.cpp">
      <Filter>소스 파일</Filter>
    </ClCompile>
    <ClCompile Include="BackJoon\Dynamic\11726.cpp">
      <Filter>소스 파일</Filter>
    </ClCompile>
    <ClCompile Include="BackJoon\Dynamic\11727.cpp">
      <Filter>소스 파일</Filter>
    </ClCompile>
    <ClCompile Include="BackJoon\Dynamic\2156.cpp">
      <Filter>소스 파일</Filter>
    </ClCompile>
    <ClCompile Include="BackJoon\Dynamic\11053.cpp">
      <Filter>소스 파일</Filter>
    </ClCompile>
    <ClCompile Include="BackJoon\Dynamic\11055.cpp">
      <Filter>소스 파일</Filter>
    </ClCompile>
    <ClCompile Include="BackJoon\Dynamic\11054.cpp">
      <Filter>소스 파일</Filter>
    </ClCompile>
    <ClCompile Include="BackJoon\Dynamic\11722.cpp">
      <Filter>소스 파일</Filter>
    </ClCompile>
    <ClCompile Include="BackJoon\Dynamic\1912.cpp">
      <Filter>소스 파일</Filter>
    </ClCompile>
    <ClCompile Include="BackJoon\Dynamic\2579.cpp">
      <Filter>소스 파일</Filter>
    </ClCompile>
    <ClCompile Include="BackJoon\Dynamic\1699.cpp">
      <Filter>소스 파일</Filter>
    </ClCompile>
    <ClCompile Include="BackJoon\Dynamic\2133.cpp">
      <Filter>소스 파일</Filter>
    </ClCompile>
    <ClCompile Include="BackJoon\Dynamic\9461.cpp">
      <Filter>소스 파일</Filter>
    </ClCompile>
    <ClCompile Include="BackJoon\Dynamic\2225.cpp">
      <Filter>소스 파일</Filter>
    </ClCompile>
    <ClCompile Include="BackJoon\Dynamic\2011.cpp">
      <Filter>소스 파일</Filter>
    </ClCompile>
    <ClCompile Include="BackJoon\Math\10430.cpp">
      <Filter>소스 파일</Filter>
    </ClCompile>
    <ClCompile Include="BackJoon\Math\2609.cpp">
      <Filter>소스 파일</Filter>
    </ClCompile>
    <ClCompile Include="BackJoon\Math\1934.cpp">
      <Filter>소스 파일</Filter>
    </ClCompile>
    <ClCompile Include="BackJoon\Math\9613.cpp">
      <Filter>소스 파일</Filter>
    </ClCompile>
    <ClCompile Include="BackJoon\Math\2745.cpp">
      <Filter>소스 파일</Filter>
    </ClCompile>
    <ClCompile Include="BackJoon\Math\11005.cpp">
      <Filter>소스 파일</Filter>
    </ClCompile>
    <ClCompile Include="BackJoon\Math\1373.cpp">
      <Filter>소스 파일</Filter>
    </ClCompile>
    <ClCompile Include="BackJoon\Math\1212.cpp">
      <Filter>소스 파일</Filter>
    </ClCompile>
    <ClCompile Include="BackJoon\Math\2089.cpp">
      <Filter>소스 파일</Filter>
    </ClCompile>
    <ClCompile Include="BackJoon\Math\11576.cpp">
      <Filter>소스 파일</Filter>
    </ClCompile>
    <ClCompile Include="BackJoon\Math\1929.cpp">
      <Filter>소스 파일</Filter>
    </ClCompile>
    <ClCompile Include="BackJoon\Math\6588.cpp">
      <Filter>소스 파일</Filter>
    </ClCompile>
    <ClCompile Include="BackJoon\Math\11653.cpp">
      <Filter>소스 파일</Filter>
    </ClCompile>
    <ClCompile Include="BackJoon\Math\10872.cpp">
      <Filter>소스 파일</Filter>
    </ClCompile>
    <ClCompile Include="BackJoon\Math\1676.cpp">
      <Filter>소스 파일</Filter>
    </ClCompile>
    <ClCompile Include="BackJoon\Math\2004.cpp">
      <Filter>소스 파일</Filter>
    </ClCompile>
    <ClCompile Include="BackJoon\Sort\11650.cpp">
      <Filter>소스 파일</Filter>
    </ClCompile>
    <ClCompile Include="BackJoon\Sort\2751.cpp">
      <Filter>소스 파일</Filter>
    </ClCompile>
    <ClCompile Include="BackJoon\Sort\2751_배열.cpp">
      <Filter>소스 파일</Filter>
    </ClCompile>
    <ClCompile Include="BackJoon\Sort\11651.cpp">
      <Filter>소스 파일</Filter>
    </ClCompile>
    <ClCompile Include="BackJoon\Sort\10814.cpp">
      <Filter>소스 파일</Filter>
    </ClCompile>
    <ClCompile Include="BackJoon\Sort\10825.cpp">
      <Filter>소스 파일</Filter>
    </ClCompile>
    <ClCompile Include="BackJoon\Sort\10989.cpp">
      <Filter>소스 파일</Filter>
    </ClCompile>
  </ItemGroup>
</Project>